
Microsoft Visual Studio Solution File, Format Version 12.00
# Visual Studio 15
VisualStudioVersion = 15.0.27130.2010
MinimumVisualStudioVersion = 10.0.40219.1
Project("{FAE04EC0-301F-11D3-BF4B-00C04F79EFBC}") = "CarDealer.Web", "CarDealer.Web\CarDealer.Web.csproj", "{9C022FE9-F9AC-490F-A826-DA570BDE89B7}"
EndProject
Project("{FAE04EC0-301F-11D3-BF4B-00C04F79EFBC}") = "CarDealer.Data", "CarDealer.Data\CarDealer.Data.csproj", "{1C88EB2A-0206-4199-9DDE-E7E9744BB565}"
EndProject
Global
	GlobalSection(SolutionConfigurationPlatforms) = preSolution
		Debug|Any CPU = Debug|Any CPU
		Release|Any CPU = Release|Any CPU
	EndGlobalSection
	GlobalSection(ProjectConfigurationPlatforms) = postSolution
		{9C022FE9-F9AC-490F-A826-DA570BDE89B7}.Debug|Any CPU.ActiveCfg = Debug|Any CPU
		{9C022FE9-F9AC-490F-A826-DA570BDE89B7}.Debug|Any CPU.Build.0 = Debug|Any CPU
		{9C022FE9-F9AC-490F-A826-DA570BDE89B7}.Release|Any CPU.ActiveCfg = Release|Any CPU
		{9C022FE9-F9AC-490F-A826-DA570BDE89B7}.Release|Any CPU.Build.0 = Release|Any CPU
		{1C88EB2A-0206-4199-9DDE-E7E9744BB565}.Debug|Any CPU.ActiveCfg = Debug|Any CPU
		{1C88EB2A-0206-4199-9DDE-E7E9744BB565}.Debug|Any CPU.Build.0 = Debug|Any CPU
		{1C88EB2A-0206-4199-9DDE-E7E9744BB565}.Release|Any CPU.ActiveCfg = Release|Any CPU
		{1C88EB2A-0206-4199-9DDE-E7E9744BB565}.Release|Any CPU.Build.0 = Release|Any CPU
	EndGlobalSection
	GlobalSection(SolutionProperties) = preSolution
		HideSolutionNode = FALSE
	EndGlobalSection
	GlobalSection(ExtensibilityGlobals) = postSolution
		SolutionGuid = {3B35C60F-4C7C-41FA-94D4-0DF92A126EC2}
	EndGlobalSection
EndGlobal
